
Microsoft Visual Studio Solution File, Format Version 12.00
# Visual Studio Version 17
VisualStudioVersion = 17.7.34024.191
MinimumVisualStudioVersion = 10.0.40219.1
Project("{FAE04EC0-301F-11D3-BF4B-00C04F79EFBC}") = "InterviewTask", "InterviewTask\InterviewTask.csproj", "{E24B9BBF-C3B5-4652-AFC6-D434C9F94C78}"
EndProject
Global
	GlobalSection(SolutionConfigurationPlatforms) = preSolution
		Debug|Any CPU = Debug|Any CPU
		Release|Any CPU = Release|Any CPU
	EndGlobalSection
	GlobalSection(ProjectConfigurationPlatforms) = postSolution
		{E24B9BBF-C3B5-4652-AFC6-D434C9F94C78}.Debug|Any CPU.ActiveCfg = Debug|Any CPU
		{E24B9BBF-C3B5-4652-AFC6-D434C9F94C78}.Debug|Any CPU.Build.0 = Debug|Any CPU
		{E24B9BBF-C3B5-4652-AFC6-D434C9F94C78}.Release|Any CPU.ActiveCfg = Release|Any CPU
		{E24B9BBF-C3B5-4652-AFC6-D434C9F94C78}.Release|Any CPU.Build.0 = Release|Any CPU
	EndGlobalSection
	GlobalSection(SolutionProperties) = preSolution
		HideSolutionNode = FALSE
	EndGlobalSection
	GlobalSection(ExtensibilityGlobals) = postSolution
		SolutionGuid = {2EFE3569-C962-48D7-91FD-3CAECF5AEC3A}
	EndGlobalSection
EndGlobal
